// !$*UTF8*$!
{
	archiveVersion = 1;
	classes = {
	};
	objectVersion = 55;
	objects = {

/* Begin PBXBuildFile section */
		5C89EFB727633146003D6A00 /* OnBoardSwiftUIApp.swift in Sources */ = {isa = PBXBuildFile; fileRef = 5C89EFB627633146003D6A00 /* OnBoardSwiftUIApp.swift */; };
		5C89EFB927633146003D6A00 /* ContentView.swift in Sources */ = {isa = PBXBuildFile; fileRef = 5C89EFB827633146003D6A00 /* ContentView.swift */; };
		5C89EFBB27633147003D6A00 /* Assets.xcassets in Resources */ = {isa = PBXBuildFile; fileRef = 5C89EFBA27633147003D6A00 /* Assets.xcassets */; };
		5C89EFBE27633147003D6A00 /* Preview Assets.xcassets in Resources */ = {isa = PBXBuildFile; fileRef = 5C89EFBD27633147003D6A00 /* Preview Assets.xcassets */; };
		5C89EFC7276331A0003D6A00 /* CardView.swift in Sources */ = {isa = PBXBuildFile; fileRef = 5C89EFC6276331A0003D6A00 /* CardView.swift */; };
		5C89EFC92763324C003D6A00 /* Card.swift in Sources */ = {isa = PBXBuildFile; fileRef = 5C89EFC82763324C003D6A00 /* Card.swift */; };
		5CDAE64D276A1F8600CAE28F /* netflix.json in Resources */ = {isa = PBXBuildFile; fileRef = 5CDAE64C276A1F8600CAE28F /* netflix.json */; };
		5CFA795827634E20005DFAD8 /* Lottie in Frameworks */ = {isa = PBXBuildFile; productRef = 5CFA795727634E20005DFAD8 /* Lottie */; };
		5CFA795A27634F17005DFAD8 /* LottieView.swift in Sources */ = {isa = PBXBuildFile; fileRef = 5CFA795927634F17005DFAD8 /* LottieView.swift */; };
		5CFA795F276350A1005DFAD8 /* delivery.json in Resources */ = {isa = PBXBuildFile; fileRef = 5CFA795C276350A1005DFAD8 /* delivery.json */; };
		5CFA7960276350A1005DFAD8 /* interaction.json in Resources */ = {isa = PBXBuildFile; fileRef = 5CFA795D276350A1005DFAD8 /* interaction.json */; };
		5CFA7961276350A1005DFAD8 /* order.json in Resources */ = {isa = PBXBuildFile; fileRef = 5CFA795E276350A1005DFAD8 /* order.json */; };
/* End PBXBuildFile section */

/* Begin PBXFileReference section */
		5C89EFB327633146003D6A00 /* OnBoardSwiftUI.app */ = {isa = PBXFileReference; explicitFileType = wrapper.application; includeInIndex = 0; path = OnBoardSwiftUI.app; sourceTree = BUILT_PRODUCTS_DIR; };
		5C89EFB627633146003D6A00 /* OnBoardSwiftUIApp.swift */ = {isa = PBXFileReference; lastKnownFileType = sourcecode.swift; path = OnBoardSwiftUIApp.swift; sourceTree = "<group>"; };
		5C89EFB827633146003D6A00 /* ContentView.swift */ = {isa = PBXFileReference; lastKnownFileType = sourcecode.swift; path = ContentView.swift; sourceTree = "<group>"; };
		5C89EFBA27633147003D6A00 /* Assets.xcassets */ = {isa = PBXFileReference; lastKnownFileType = folder.assetcatalog; path = Assets.xcassets; sourceTree = "<group>"; };
		5C89EFBD27633147003D6A00 /* Preview Assets.xcassets */ = {isa = PBXFileReference; lastKnownFileType = folder.assetcatalog; path = "Preview Assets.xcassets"; sourceTree = "<group>"; };
		5C89EFC6276331A0003D6A00 /* CardView.swift */ = {isa = PBXFileReference; lastKnownFileType = sourcecode.swift; path = CardView.swift; sourceTree = "<group>"; };
		5C89EFC82763324C003D6A00 /* Card.swift */ = {isa = PBXFileReference; lastKnownFileType = sourcecode.swift; path = Card.swift; sourceTree = "<group>"; };
		5CDAE64C276A1F8600CAE28F /* netflix.json */ = {isa = PBXFileReference; fileEncoding = 4; lastKnownFileType = text.json; path = netflix.json; sourceTree = "<group>"; };
		5CFA795927634F17005DFAD8 /* LottieView.swift */ = {isa = PBXFileReference; fileEncoding = 4; lastKnownFileType = sourcecode.swift; path = LottieView.swift; sourceTree = "<group>"; };
		5CFA795C276350A1005DFAD8 /* delivery.json */ = {isa = PBXFileReference; fileEncoding = 4; lastKnownFileType = text.json; path = delivery.json; sourceTree = "<group>"; };
		5CFA795D276350A1005DFAD8 /* interaction.json */ = {isa = PBXFileReference; fileEncoding = 4; lastKnownFileType = text.json; path = interaction.json; sourceTree = "<group>"; };
		5CFA795E276350A1005DFAD8 /* order.json */ = {isa = PBXFileReference; fileEncoding = 4; lastKnownFileType = text.json; path = order.json; sourceTree = "<group>"; };
/* End PBXFileReference section */

/* Begin PBXFrameworksBuildPhase section */
		5C89EFB027633146003D6A00 /* Frameworks */ = {
			isa = PBXFrameworksBuildPhase;
			buildActionMask = 2147483647;
			files = (
				5CFA795827634E20005DFAD8 /* Lottie in Frameworks */,
			);
			runOnlyForDeploymentPostprocessing = 0;
		};
/* End PBXFrameworksBuildPhase section */

/* Begin PBXGroup section */
		5C89EFAA27633146003D6A00 = {
			isa = PBXGroup;
			children = (
				5C89EFB527633146003D6A00 /* OnBoardSwiftUI */,
				5C89EFB427633146003D6A00 /* Products */,
			);
			sourceTree = "<group>";
		};
		5C89EFB427633146003D6A00 /* Products */ = {
			isa = PBXGroup;
			children = (
				5C89EFB327633146003D6A00 /* OnBoardSwiftUI.app */,
			);
			name = Products;
			sourceTree = "<group>";
		};
		5C89EFB527633146003D6A00 /* OnBoardSwiftUI */ = {
			isa = PBXGroup;
			children = (
				5CFA795B276350A1005DFAD8 /* Lottie */,
				5C89EFC527633175003D6A00 /* Model */,
				5C89EFC42763316E003D6A00 /* View */,
				5C89EFB627633146003D6A00 /* OnBoardSwiftUIApp.swift */,
				5C89EFB827633146003D6A00 /* ContentView.swift */,
				5C89EFBA27633147003D6A00 /* Assets.xcassets */,
				5C89EFBC27633147003D6A00 /* Preview Content */,
			);
			path = OnBoardSwiftUI;
			sourceTree = "<group>";
		};
		5C89EFBC27633147003D6A00 /* Preview Content */ = {
			isa = PBXGroup;
			children = (
				5C89EFBD27633147003D6A00 /* Preview Assets.xcassets */,
			);
			path = "Preview Content";
			sourceTree = "<group>";
		};
		5C89EFC42763316E003D6A00 /* View */ = {
			isa = PBXGroup;
			children = (
				5CFA795927634F17005DFAD8 /* LottieView.swift */,
				5C89EFC6276331A0003D6A00 /* CardView.swift */,
			);
			path = View;
			sourceTree = "<group>";
		};
		5C89EFC527633175003D6A00 /* Model */ = {
			isa = PBXGroup;
			children = (
				5C89EFC82763324C003D6A00 /* Card.swift */,
			);
			path = Model;
			sourceTree = "<group>";
		};
		5CFA795B276350A1005DFAD8 /* Lottie */ = {
			isa = PBXGroup;
			children = (
				5CDAE64C276A1F8600CAE28F /* netflix.json */,
				5CFA795C276350A1005DFAD8 /* delivery.json */,
				5CFA795D276350A1005DFAD8 /* interaction.json */,
				5CFA795E276350A1005DFAD8 /* order.json */,
			);
			path = Lottie;
			sourceTree = "<group>";
		};
/* End PBXGroup section */

/* Begin PBXNativeTarget section */
		5C89EFB227633146003D6A00 /* OnBoardSwiftUI */ = {
			isa = PBXNativeTarget;
			buildConfigurationList = 5C89EFC127633147003D6A00 /* Build configuration list for PBXNativeTarget "OnBoardSwiftUI" */;
			buildPhases = (
				5C89EFAF27633146003D6A00 /* Sources */,
				5C89EFB027633146003D6A00 /* Frameworks */,
				5C89EFB127633146003D6A00 /* Resources */,
			);
			buildRules = (
			);
			dependencies = (
			);
			name = OnBoardSwiftUI;
			packageProductDependencies = (
				5CFA795727634E20005DFAD8 /* Lottie */,
			);
			productName = OnBoardSwiftUI;
			productReference = 5C89EFB327633146003D6A00 /* OnBoardSwiftUI.app */;
			productType = "com.apple.product-type.application";
		};
/* End PBXNativeTarget section */

/* Begin PBXProject section */
		5C89EFAB27633146003D6A00 /* Project object */ = {
			isa = PBXProject;
			attributes = {
				BuildIndependentTargetsInParallel = 1;
				LastSwiftUpdateCheck = 1310;
				LastUpgradeCheck = 1310;
				TargetAttributes = {
					5C89EFB227633146003D6A00 = {
						CreatedOnToolsVersion = 13.1;
					};
				};
			};
			buildConfigurationList = 5C89EFAE27633146003D6A00 /* Build configuration list for PBXProject "OnBoardSwiftUI" */;
			compatibilityVersion = "Xcode 13.0";
			developmentRegion = en;
			hasScannedForEncodings = 0;
			knownRegions = (
				en,
				Base,
			);
			mainGroup = 5C89EFAA27633146003D6A00;
			packageReferences = (
				5CFA795627634E20005DFAD8 /* XCRemoteSwiftPackageReference "lottie-ios" */,
			);
			productRefGroup = 5C89EFB427633146003D6A00 /* Products */;
			projectDirPath = "";
			projectRoot = "";
			targets = (
				5C89EFB227633146003D6A00 /* OnBoardSwiftUI */,
			);
		};
/* End PBXProject section */

/* Begin PBXResourcesBuildPhase section */
		5C89EFB127633146003D6A00 /* Resources */ = {
			isa = PBXResourcesBuildPhase;
			buildActionMask = 2147483647;
			files = (
				5CFA7960276350A1005DFAD8 /* interaction.json in Resources */,
				5C89EFBE27633147003D6A00 /* Preview Assets.xcassets in Resources */,
				5CDAE64D276A1F8600CAE28F /* netflix.json in Resources */,
				5C89EFBB27633147003D6A00 /* Assets.xcassets in Resources */,
				5CFA7961276350A1005DFAD8 /* order.json in Resources */,
				5CFA795F276350A1005DFAD8 /* delivery.json in Resources */,
			);
			runOnlyForDeploymentPostprocessing = 0;
		};
/* End PBXResourcesBuildPhase section */

/* Begin PBXSourcesBuildPhase section */
		5C89EFAF27633146003D6A00 /* Sources */ = {
			isa = PBXSourcesBuildPhase;
			buildActionMask = 2147483647;
			files = (
				5C89EFB927633146003D6A00 /* ContentView.swift in Sources */,
				5C89EFC7276331A0003D6A00 /* CardView.swift in Sources */,
				5CFA795A27634F17005DFAD8 /* LottieView.swift in Sources */,
				5C89EFB727633146003D6A00 /* OnBoardSwiftUIApp.swift in Sources */,
				5C89EFC92763324C003D6A00 /* Card.swift in Sources */,
			);
			runOnlyForDeploymentPostprocessing = 0;
		};
/* End PBXSourcesBuildPhase section */

/* Begin XCBuildConfiguration section */
		5C89EFBF27633147003D6A00 /* Debug */ = {
			isa = XCBuildConfiguration;
			buildSettings = {
				ALWAYS_SEARCH_USER_PATHS = NO;
				CLANG_ANALYZER_NONNULL = YES;
				CLANG_ANALYZER_NUMBER_OBJECT_CONVERSION = YES_AGGRESSIVE;
				CLANG_CXX_LANGUAGE_STANDARD = "gnu++17";
				CLANG_CXX_LIBRARY = "libc++";
				CLANG_ENABLE_MODULES = YES;
				CLANG_ENABLE_OBJC_ARC = YES;
				CLANG_ENABLE_OBJC_WEAK = YES;
				CLANG_WARN_BLOCK_CAPTURE_AUTORELEASING = YES;
				CLANG_WARN_BOOL_CONVERSION = YES;
				CLANG_WARN_COMMA = YES;
				CLANG_WARN_CONSTANT_CONVERSION = YES;
				CLANG_WARN_DEPRECATED_OBJC_IMPLEMENTATIONS = YES;
				CLANG_WARN_DIRECT_OBJC_ISA_USAGE = YES_ERROR;
				CLANG_WARN_DOCUMENTATION_COMMENTS = YES;
				CLANG_WARN_EMPTY_BODY = YES;
				CLANG_WARN_ENUM_CONVERSION = YES;
				CLANG_WARN_INFINITE_RECURSION = YES;
				CLANG_WARN_INT_CONVERSION = YES;
				CLANG_WARN_NON_LITERAL_NULL_CONVERSION = YES;
				CLANG_WARN_OBJC_IMPLICIT_RETAIN_SELF = YES;
				CLANG_WARN_OBJC_LITERAL_CONVERSION = YES;
				CLANG_WARN_OBJC_ROOT_CLASS = YES_ERROR;
				CLANG_WARN_QUOTED_INCLUDE_IN_FRAMEWORK_HEADER = YES;
				CLANG_WARN_RANGE_LOOP_ANALYSIS = YES;
				CLANG_WARN_STRICT_PROTOTYPES = YES;
				CLANG_WARN_SUSPICIOUS_MOVE = YES;
				CLANG_WARN_UNGUARDED_AVAILABILITY = YES_AGGRESSIVE;
				CLANG_WARN_UNREACHABLE_CODE = YES;
				CLANG_WARN__DUPLICATE_METHOD_MATCH = YES;
				COPY_PHASE_STRIP = NO;
				DEBUG_INFORMATION_FORMAT = dwarf;
				ENABLE_STRICT_OBJC_MSGSEND = YES;
				ENABLE_TESTABILITY = YES;
				GCC_C_LANGUAGE_STANDARD = gnu11;
				GCC_DYNAMIC_NO_PIC = NO;
				GCC_NO_COMMON_BLOCKS = YES;
				GCC_OPTIMIZATION_LEVEL = 0;
				GCC_PREPROCESSOR_DEFINITIONS = (
					"DEBUG=1",
					"$(inherited)",
				);
				GCC_WARN_64_TO_32_BIT_CONVERSION = YES;
				GCC_WARN_ABOUT_RETURN_TYPE = YES_ERROR;
				GCC_WARN_UNDECLARED_SELECTOR = YES;
				GCC_WARN_UNINITIALIZED_AUTOS = YES_AGGRESSIVE;
				GCC_WARN_UNUSED_FUNCTION = YES;
				GCC_WARN_UNUSED_VARIABLE = YES;
				IPHONEOS_DEPLOYMENT_TARGET = 15.0;
				MTL_ENABLE_DEBUG_INFO = INCLUDE_SOURCE;
				MTL_FAST_MATH = YES;
				ONLY_ACTIVE_ARCH = YES;
				SDKROOT = iphoneos;
				SWIFT_ACTIVE_COMPILATION_CONDITIONS = DEBUG;
				SWIFT_OPTIMIZATION_LEVEL = "-Onone";
			};
			name = Debug;
		};
		5C89EFC027633147003D6A00 /* Release */ = {
			isa = XCBuildConfiguration;
			buildSettings = {
				ALWAYS_SEARCH_USER_PATHS = NO;
				CLANG_ANALYZER_NONNULL = YES;
				CLANG_ANALYZER_NUMBER_OBJECT_CONVERSION = YES_AGGRESSIVE;
				CLANG_CXX_LANGUAGE_STANDARD = "gnu++17";
				CLANG_CXX_LIBRARY = "libc++";
				CLANG_ENABLE_MODULES = YES;
				CLANG_ENABLE_OBJC_ARC = YES;
				CLANG_ENABLE_OBJC_WEAK = YES;
				CLANG_WARN_BLOCK_CAPTURE_AUTORELEASING = YES;
				CLANG_WARN_BOOL_CONVERSION = YES;
				CLANG_WARN_COMMA = YES;
				CLANG_WARN_CONSTANT_CONVERSION = YES;
				CLANG_WARN_DEPRECATED_OBJC_IMPLEMENTATIONS = YES;
				CLANG_WARN_DIRECT_OBJC_ISA_USAGE = YES_ERROR;
				CLANG_WARN_DOCUMENTATION_COMMENTS = YES;
				CLANG_WARN_EMPTY_BODY = YES;
				CLANG_WARN_ENUM_CONVERSION = YES;
				CLANG_WARN_INFINITE_RECURSION = YES;
				CLANG_WARN_INT_CONVERSION = YES;
				CLANG_WARN_NON_LITERAL_NULL_CONVERSION = YES;
				CLANG_WARN_OBJC_IMPLICIT_RETAIN_SELF = YES;
				CLANG_WARN_OBJC_LITERAL_CONVERSION = YES;
				CLANG_WARN_OBJC_ROOT_CLASS = YES_ERROR;
				CLANG_WARN_QUOTED_INCLUDE_IN_FRAMEWORK_HEADER = YES;
				CLANG_WARN_RANGE_LOOP_ANALYSIS = YES;
				CLANG_WARN_STRICT_PROTOTYPES = YES;
				CLANG_WARN_SUSPICIOUS_MOVE = YES;
				CLANG_WARN_UNGUARDED_AVAILABILITY = YES_AGGRESSIVE;
				CLANG_WARN_UNREACHABLE_CODE = YES;
				CLANG_WARN__DUPLICATE_METHOD_MATCH = YES;
				COPY_PHASE_STRIP = NO;
				DEBUG_INFORMATION_FORMAT = "dwarf-with-dsym";
				ENABLE_NS_ASSERTIONS = NO;
				ENABLE_STRICT_OBJC_MSGSEND = YES;
				GCC_C_LANGUAGE_STANDARD = gnu11;
				GCC_NO_COMMON_BLOCKS = YES;
				GCC_WARN_64_TO_32_BIT_CONVERSION = YES;
				GCC_WARN_ABOUT_RETURN_TYPE = YES_ERROR;
				GCC_WARN_UNDECLARED_SELECTOR = YES;
				GCC_WARN_UNINITIALIZED_AUTOS = YES_AGGRESSIVE;
				GCC_WARN_UNUSED_FUNCTION = YES;
				GCC_WARN_UNUSED_VARIABLE = YES;
				IPHONEOS_DEPLOYMENT_TARGET = 15.0;
				MTL_ENABLE_DEBUG_INFO = NO;
				MTL_FAST_MATH = YES;
				SDKROOT = iphoneos;
				SWIFT_COMPILATION_MODE = wholemodule;
				SWIFT_OPTIMIZATION_LEVEL = "-O";
				VALIDATE_PRODUCT = YES;
			};
			name = Release;
		};
		5C89EFC227633147003D6A00 /* Debug */ = {
			isa = XCBuildConfiguration;
			buildSettings = {
				ASSETCATALOG_COMPILER_APPICON_NAME = AppIcon;
				ASSETCATALOG_COMPILER_GLOBAL_ACCENT_COLOR_NAME = AccentColor;
				CODE_SIGN_STYLE = Automatic;
				CURRENT_PROJECT_VERSION = 1;
				DEVELOPMENT_ASSET_PATHS = "\"OnBoardSwiftUI/Preview Content\"";
				DEVELOPMENT_TEAM = 56ZBSRTSDR;
				ENABLE_PREVIEWS = YES;
				GENERATE_INFOPLIST_FILE = YES;
				INFOPLIST_KEY_UIApplicationSceneManifest_Generation = YES;
				INFOPLIST_KEY_UIApplicationSupportsIndirectInputEvents = YES;
				INFOPLIST_KEY_UILaunchScreen_Generation = YES;
				INFOPLIST_KEY_UISupportedInterfaceOrientations_iPad = "UIInterfaceOrientationPortrait UIInterfaceOrientationPortraitUpsideDown UIInterfaceOrientationLandscapeLeft UIInterfaceOrientationLandscapeRight";
				INFOPLIST_KEY_UISupportedInterfaceOrientations_iPhone = "UIInterfaceOrientationPortrait UIInterfaceOrientationLandscapeLeft UIInterfaceOrientationLandscapeRight";
				LD_RUNPATH_SEARCH_PATHS = (
					"$(inherited)",
					"@executable_path/Frameworks",
				);
				MARKETING_VERSION = 1.0;
				PRODUCT_BUNDLE_IDENTIFIER = com.shreyasvilaschandrabhike.OnBoardSwiftUI;
				PRODUCT_NAME = "$(TARGET_NAME)";
				SWIFT_EMIT_LOC_STRINGS = YES;
				SWIFT_VERSION = 5.0;
				TARGETED_DEVICE_FAMILY = "1,2";
			};
			name = Debug;
		};
		5C89EFC327633147003D6A00 /* Release */ = {
			isa = XCBuildConfiguration;
			buildSettings = {
				ASSETCATALOG_COMPILER_APPICON_NAME = AppIcon;
				ASSETCATALOG_COMPILER_GLOBAL_ACCENT_COLOR_NAME = AccentColor;
				CODE_SIGN_STYLE = Automatic;
				CURRENT_PROJECT_VERSION = 1;
				DEVELOPMENT_ASSET_PATHS = "\"OnBoardSwiftUI/Preview Content\"";
				DEVELOPMENT_TEAM = 56ZBSRTSDR;
				ENABLE_PREVIEWS = YES;
				GENERATE_INFOPLIST_FILE = YES;
				INFOPLIST_KEY_UIApplicationSceneManifest_Generation = YES;
				INFOPLIST_KEY_UIApplicationSupportsIndirectInputEvents = YES;
				INFOPLIST_KEY_UILaunchScreen_Generation = YES;
				INFOPLIST_KEY_UISupportedInterfaceOrientations_iPad = "UIInterfaceOrientationPortrait UIInterfaceOrientationPortraitUpsideDown UIInterfaceOrientationLandscapeLeft UIInterfaceOrientationLandscapeRight";
				INFOPLIST_KEY_UISupportedInterfaceOrientations_iPhone = "UIInterfaceOrientationPortrait UIInterfaceOrientationLandscapeLeft UIInterfaceOrientationLandscapeRight";
				LD_RUNPATH_SEARCH_PATHS = (
					"$(inherited)",
					"@executable_path/Frameworks",
				);
				MARKETING_VERSION = 1.0;
				PRODUCT_BUNDLE_IDENTIFIER = com.shreyasvilaschandrabhike.OnBoardSwiftUI;
				PRODUCT_NAME = "$(TARGET_NAME)";
				SWIFT_EMIT_LOC_STRINGS = YES;
				SWIFT_VERSION = 5.0;
				TARGETED_DEVICE_FAMILY = "1,2";
			};
			name = Release;
		};
/* End XCBuildConfiguration section */

/* Begin XCConfigurationList section */
		5C89EFAE27633146003D6A00 /* Build configuration list for PBXProject "OnBoardSwiftUI" */ = {
			isa = XCConfigurationList;
			buildConfigurations = (
				5C89EFBF27633147003D6A00 /* Debug */,
				5C89EFC027633147003D6A00 /* Release */,
			);
			defaultConfigurationIsVisible = 0;
			defaultConfigurationName = Release;
		};
		5C89EFC127633147003D6A00 /* Build configuration list for PBXNativeTarget "OnBoardSwiftUI" */ = {
			isa = XCConfigurationList;
			buildConfigurations = (
				5C89EFC227633147003D6A00 /* Debug */,
				5C89EFC327633147003D6A00 /* Release */,
			);
			defaultConfigurationIsVisible = 0;
			defaultConfigurationName = Release;
		};
/* End XCConfigurationList section */

/* Begin XCRemoteSwiftPackageReference section */
		5CFA795627634E20005DFAD8 /* XCRemoteSwiftPackageReference "lottie-ios" */ = {
			isa = XCRemoteSwiftPackageReference;
			repositoryURL = "https://github.com/airbnb/lottie-ios.git";
			requirement = {
				branch = master;
				kind = branch;
			};
		};
/* End XCRemoteSwiftPackageReference section */

/* Begin XCSwiftPackageProductDependency section */
		5CFA795727634E20005DFAD8 /* Lottie */ = {
			isa = XCSwiftPackageProductDependency;
			package = 5CFA795627634E20005DFAD8 /* XCRemoteSwiftPackageReference "lottie-ios" */;
			productName = Lottie;
		};
/* End XCSwiftPackageProductDependency section */
	};
	rootObject = 5C89EFAB27633146003D6A00 /* Project object */;
}
